// !$*UTF8*$!
{
	archiveVersion = 1;
	classes = {
	};
	objectVersion = 50;
	objects = {

/* Begin PBXBuildFile section */
		04A080F0229B9DBB00C0499D /* AppDelegate.swift in Sources */ = {isa = PBXBuildFile; fileRef = 04A080EF229B9DBB00C0499D /* AppDelegate.swift */; };
		04A080F2229B9DBB00C0499D /* CategoryViewController.swift in Sources */ = {isa = PBXBuildFile; fileRef = 04A080F1229B9DBB00C0499D /* CategoryViewController.swift */; };
		04A080F5229B9DBB00C0499D /* Main.storyboard in Resources */ = {isa = PBXBuildFile; fileRef = 04A080F3229B9DBB00C0499D /* Main.storyboard */; };
		04A080F7229B9DC000C0499D /* Assets.xcassets in Resources */ = {isa = PBXBuildFile; fileRef = 04A080F6229B9DC000C0499D /* Assets.xcassets */; };
		04A080FA229B9DC000C0499D /* LaunchScreen.storyboard in Resources */ = {isa = PBXBuildFile; fileRef = 04A080F8229B9DC000C0499D /* LaunchScreen.storyboard */; };
		04BE3C22229CD1E400D0DA48 /* ProductCollectionViewCell.swift in Sources */ = {isa = PBXBuildFile; fileRef = 04BE3C21229CD1E400D0DA48 /* ProductCollectionViewCell.swift */; };
		04BE3C24229CE8CA00D0DA48 /* Product.swift in Sources */ = {isa = PBXBuildFile; fileRef = 04BE3C23229CE8CA00D0DA48 /* Product.swift */; };
		04DEFFB0229D010F00548BA7 /* ProductViewController.swift in Sources */ = {isa = PBXBuildFile; fileRef = 04DEFFAF229D010F00548BA7 /* ProductViewController.swift */; };
		04E7DFE0229BB340004DAD2C /* CategoryTableViewCell.swift in Sources */ = {isa = PBXBuildFile; fileRef = 04E7DFDF229BB340004DAD2C /* CategoryTableViewCell.swift */; };
		04E7DFE2229BBA98004DAD2C /* Category.swift in Sources */ = {isa = PBXBuildFile; fileRef = 04E7DFE1229BBA98004DAD2C /* Category.swift */; };
		04E7DFE5229BC071004DAD2C /* DataService.swift in Sources */ = {isa = PBXBuildFile; fileRef = 04E7DFE4229BC071004DAD2C /* DataService.swift */; };
/* End PBXBuildFile section */

/* Begin PBXFileReference section */
		04A080EC229B9DBB00C0499D /* Code Swag.app */ = {isa = PBXFileReference; explicitFileType = wrapper.application; includeInIndex = 0; path = "Code Swag.app"; sourceTree = BUILT_PRODUCTS_DIR; };
		04A080EF229B9DBB00C0499D /* AppDelegate.swift */ = {isa = PBXFileReference; lastKnownFileType = sourcecode.swift; path = AppDelegate.swift; sourceTree = "<group>"; };
		04A080F1229B9DBB00C0499D /* CategoryViewController.swift */ = {isa = PBXFileReference; lastKnownFileType = sourcecode.swift; path = CategoryViewController.swift; sourceTree = "<group>"; };
		04A080F4229B9DBB00C0499D /* Base */ = {isa = PBXFileReference; lastKnownFileType = file.storyboard; name = Base; path = Base.lproj/Main.storyboard; sourceTree = "<group>"; };
		04A080F6229B9DC000C0499D /* Assets.xcassets */ = {isa = PBXFileReference; lastKnownFileType = folder.assetcatalog; path = Assets.xcassets; sourceTree = "<group>"; };
		04A080F9229B9DC000C0499D /* Base */ = {isa = PBXFileReference; lastKnownFileType = file.storyboard; name = Base; path = Base.lproj/LaunchScreen.storyboard; sourceTree = "<group>"; };
		04A080FB229B9DC000C0499D /* Info.plist */ = {isa = PBXFileReference; lastKnownFileType = text.plist.xml; path = Info.plist; sourceTree = "<group>"; };
		04BE3C21229CD1E400D0DA48 /* ProductCollectionViewCell.swift */ = {isa = PBXFileReference; lastKnownFileType = sourcecode.swift; path = ProductCollectionViewCell.swift; sourceTree = "<group>"; };
		04BE3C23229CE8CA00D0DA48 /* Product.swift */ = {isa = PBXFileReference; lastKnownFileType = sourcecode.swift; path = Product.swift; sourceTree = "<group>"; };
		04DEFFAF229D010F00548BA7 /* ProductViewController.swift */ = {isa = PBXFileReference; lastKnownFileType = sourcecode.swift; path = ProductViewController.swift; sourceTree = "<group>"; };
		04E7DFDF229BB340004DAD2C /* CategoryTableViewCell.swift */ = {isa = PBXFileReference; lastKnownFileType = sourcecode.swift; path = CategoryTableViewCell.swift; sourceTree = "<group>"; };
		04E7DFE1229BBA98004DAD2C /* Category.swift */ = {isa = PBXFileReference; lastKnownFileType = sourcecode.swift; path = Category.swift; sourceTree = "<group>"; };
		04E7DFE4229BC071004DAD2C /* DataService.swift */ = {isa = PBXFileReference; lastKnownFileType = sourcecode.swift; path = DataService.swift; sourceTree = "<group>"; };
/* End PBXFileReference section */

/* Begin PBXFrameworksBuildPhase section */
		04A080E9229B9DBB00C0499D /* Frameworks */ = {
			isa = PBXFrameworksBuildPhase;
			buildActionMask = 2147483647;
			files = (
			);
			runOnlyForDeploymentPostprocessing = 0;
		};
/* End PBXFrameworksBuildPhase section */

/* Begin PBXGroup section */
		047B7BC6229BA19900240E76 /* Model */ = {
			isa = PBXGroup;
			children = (
				04E7DFE1229BBA98004DAD2C /* Category.swift */,
				04BE3C23229CE8CA00D0DA48 /* Product.swift */,
			);
			path = Model;
			sourceTree = "<group>";
		};
		047B7BC7229BA19F00240E76 /* View */ = {
			isa = PBXGroup;
			children = (
				04E7DFDF229BB340004DAD2C /* CategoryTableViewCell.swift */,
				04BE3C21229CD1E400D0DA48 /* ProductCollectionViewCell.swift */,
			);
			path = View;
			sourceTree = "<group>";
		};
		047B7BC8229BA1A400240E76 /* Controller */ = {
			isa = PBXGroup;
			children = (
				04A080F1229B9DBB00C0499D /* CategoryViewController.swift */,
				04DEFFAF229D010F00548BA7 /* ProductViewController.swift */,
			);
			path = Controller;
			sourceTree = "<group>";
		};
		04A080E3229B9DBB00C0499D = {
			isa = PBXGroup;
			children = (
				04A080EE229B9DBB00C0499D /* Code Swag */,
				04A080ED229B9DBB00C0499D /* Products */,
			);
			sourceTree = "<group>";
		};
		04A080ED229B9DBB00C0499D /* Products */ = {
			isa = PBXGroup;
			children = (
				04A080EC229B9DBB00C0499D /* Code Swag.app */,
			);
			name = Products;
			sourceTree = "<group>";
		};
		04A080EE229B9DBB00C0499D /* Code Swag */ = {
			isa = PBXGroup;
			children = (
				04E7DFE3229BC049004DAD2C /* Service */,
				047B7BC6229BA19900240E76 /* Model */,
				047B7BC7229BA19F00240E76 /* View */,
				047B7BC8229BA1A400240E76 /* Controller */,
				04A080EF229B9DBB00C0499D /* AppDelegate.swift */,
				04A080F3229B9DBB00C0499D /* Main.storyboard */,
				04A080F6229B9DC000C0499D /* Assets.xcassets */,
				04A080F8229B9DC000C0499D /* LaunchScreen.storyboard */,
				04A080FB229B9DC000C0499D /* Info.plist */,
			);
			path = "Code Swag";
			sourceTree = "<group>";
		};
		04E7DFE3229BC049004DAD2C /* Service */ = {
			isa = PBXGroup;
			children = (
				04E7DFE4229BC071004DAD2C /* DataService.swift */,
			);
			path = Service;
			sourceTree = "<group>";
		};
/* End PBXGroup section */

/* Begin PBXNativeTarget section */
		04A080EB229B9DBB00C0499D /* Code Swag */ = {
			isa = PBXNativeTarget;
			buildConfigurationList = 04A080FE229B9DC000C0499D /* Build configuration list for PBXNativeTarget "Code Swag" */;
			buildPhases = (
				04A080E8229B9DBB00C0499D /* Sources */,
				04A080E9229B9DBB00C0499D /* Frameworks */,
				04A080EA229B9DBB00C0499D /* Resources */,
			);
			buildRules = (
			);
			dependencies = (
			);
			name = "Code Swag";
			productName = "Code Swag";
			productReference = 04A080EC229B9DBB00C0499D /* Code Swag.app */;
			productType = "com.apple.product-type.application";
		};
/* End PBXNativeTarget section */

/* Begin PBXProject section */
		04A080E4229B9DBB00C0499D /* Project object */ = {
			isa = PBXProject;
			attributes = {
				LastSwiftUpdateCheck = 1020;
				LastUpgradeCheck = 1020;
				ORGANIZATIONNAME = "Zhiren Jin";
				TargetAttributes = {
					04A080EB229B9DBB00C0499D = {
						CreatedOnToolsVersion = 10.2.1;
					};
				};
			};
			buildConfigurationList = 04A080E7229B9DBB00C0499D /* Build configuration list for PBXProject "Code Swag" */;
			compatibilityVersion = "Xcode 9.3";
			developmentRegion = en;
			hasScannedForEncodings = 0;
			knownRegions = (
				en,
				Base,
			);
			mainGroup = 04A080E3229B9DBB00C0499D;
			productRefGroup = 04A080ED229B9DBB00C0499D /* Products */;
			projectDirPath = "";
			projectRoot = "";
			targets = (
				04A080EB229B9DBB00C0499D /* Code Swag */,
			);
		};
/* End PBXProject section */

/* Begin PBXResourcesBuildPhase section */
		04A080EA229B9DBB00C0499D /* Resources */ = {
			isa = PBXResourcesBuildPhase;
			buildActionMask = 2147483647;
			files = (
				04A080FA229B9DC000C0499D /* LaunchScreen.storyboard in Resources */,
				04A080F7229B9DC000C0499D /* Assets.xcassets in Resources */,
				04A080F5229B9DBB00C0499D /* Main.storyboard in Resources */,
			);
			runOnlyForDeploymentPostprocessing = 0;
		};
/* End PBXResourcesBuildPhase section */

/* Begin PBXSourcesBuildPhase section */
		04A080E8229B9DBB00C0499D /* Sources */ = {
			isa = PBXSourcesBuildPhase;
			buildActionMask = 2147483647;
			files = (
				04A080F2229B9DBB00C0499D /* CategoryViewController.swift in Sources */,
				04A080F0229B9DBB00C0499D /* AppDelegate.swift in Sources */,
				04E7DFE0229BB340004DAD2C /* CategoryTableViewCell.swift in Sources */,
				04E7DFE2229BBA98004DAD2C /* Category.swift in Sources */,
				04BE3C22229CD1E400D0DA48 /* ProductCollectionViewCell.swift in Sources */,
				04E7DFE5229BC071004DAD2C /* DataService.swift in Sources */,
				04DEFFB0229D010F00548BA7 /* ProductViewController.swift in Sources */,
				04BE3C24229CE8CA00D0DA48 /* Product.swift in Sources */,
			);
			runOnlyForDeploymentPostprocessing = 0;
		};
/* End PBXSourcesBuildPhase section */

/* Begin PBXVariantGroup section */
		04A080F3229B9DBB00C0499D /* Main.storyboard */ = {
			isa = PBXVariantGroup;
			children = (
				04A080F4229B9DBB00C0499D /* Base */,
			);
			name = Main.storyboard;
			sourceTree = "<group>";
		};
		04A080F8229B9DC000C0499D /* LaunchScreen.storyboard */ = {
			isa = PBXVariantGroup;
			children = (
				04A080F9229B9DC000C0499D /* Base */,
			);
			name = LaunchScreen.storyboard;
			sourceTree = "<group>";
		};
/* End PBXVariantGroup section */

/* Begin XCBuildConfiguration section */
		04A080FC229B9DC000C0499D /* Debug */ = {
			isa = XCBuildConfiguration;
			buildSettings = {
				ALWAYS_SEARCH_USER_PATHS = NO;
				CLANG_ANALYZER_NONNULL = YES;
				CLANG_ANALYZER_NUMBER_OBJECT_CONVERSION = YES_AGGRESSIVE;
				CLANG_CXX_LANGUAGE_STANDARD = "gnu++14";
				CLANG_CXX_LIBRARY = "libc++";
				CLANG_ENABLE_MODULES = YES;
				CLANG_ENABLE_OBJC_ARC = YES;
				CLANG_ENABLE_OBJC_WEAK = YES;
				CLANG_WARN_BLOCK_CAPTURE_AUTORELEASING = YES;
				CLANG_WARN_BOOL_CONVERSION = YES;
				CLANG_WARN_COMMA = YES;
				CLANG_WARN_CONSTANT_CONVERSION = YES;
				CLANG_WARN_DEPRECATED_OBJC_IMPLEMENTATIONS = YES;
				CLANG_WARN_DIRECT_OBJC_ISA_USAGE = YES_ERROR;
				CLANG_WARN_DOCUMENTATION_COMMENTS = YES;
				CLANG_WARN_EMPTY_BODY = YES;
				CLANG_WARN_ENUM_CONVERSION = YES;
				CLANG_WARN_INFINITE_RECURSION = YES;
				CLANG_WARN_INT_CONVERSION = YES;
				CLANG_WARN_NON_LITERAL_NULL_CONVERSION = YES;
				CLANG_WARN_OBJC_IMPLICIT_RETAIN_SELF = YES;
				CLANG_WARN_OBJC_LITERAL_CONVERSION = YES;
				CLANG_WARN_OBJC_ROOT_CLASS = YES_ERROR;
				CLANG_WARN_RANGE_LOOP_ANALYSIS = YES;
				CLANG_WARN_STRICT_PROTOTYPES = YES;
				CLANG_WARN_SUSPICIOUS_MOVE = YES;
				CLANG_WARN_UNGUARDED_AVAILABILITY = YES_AGGRESSIVE;
				CLANG_WARN_UNREACHABLE_CODE = YES;
				CLANG_WARN__DUPLICATE_METHOD_MATCH = YES;
				CODE_SIGN_IDENTITY = "iPhone Developer";
				COPY_PHASE_STRIP = NO;
				DEBUG_INFORMATION_FORMAT = dwarf;
				ENABLE_STRICT_OBJC_MSGSEND = YES;
				ENABLE_TESTABILITY = YES;
				GCC_C_LANGUAGE_STANDARD = gnu11;
				GCC_DYNAMIC_NO_PIC = NO;
				GCC_NO_COMMON_BLOCKS = YES;
				GCC_OPTIMIZATION_LEVEL = 0;
				GCC_PREPROCESSOR_DEFINITIONS = (
					"DEBUG=1",
					"$(inherited)",
				);
				GCC_WARN_64_TO_32_BIT_CONVERSION = YES;
				GCC_WARN_ABOUT_RETURN_TYPE = YES_ERROR;
				GCC_WARN_UNDECLARED_SELECTOR = YES;
				GCC_WARN_UNINITIALIZED_AUTOS = YES_AGGRESSIVE;
				GCC_WARN_UNUSED_FUNCTION = YES;
				GCC_WARN_UNUSED_VARIABLE = YES;
				IPHONEOS_DEPLOYMENT_TARGET = 12.2;
				MTL_ENABLE_DEBUG_INFO = INCLUDE_SOURCE;
				MTL_FAST_MATH = YES;
				ONLY_ACTIVE_ARCH = YES;
				SDKROOT = iphoneos;
				SWIFT_ACTIVE_COMPILATION_CONDITIONS = DEBUG;
				SWIFT_OPTIMIZATION_LEVEL = "-Onone";
			};
			name = Debug;
		};
		04A080FD229B9DC000C0499D /* Release */ = {
			isa = XCBuildConfiguration;
			buildSettings = {
				ALWAYS_SEARCH_USER_PATHS = NO;
				CLANG_ANALYZER_NONNULL = YES;
				CLANG_ANALYZER_NUMBER_OBJECT_CONVERSION = YES_AGGRESSIVE;
				CLANG_CXX_LANGUAGE_STANDARD = "gnu++14";
				CLANG_CXX_LIBRARY = "libc++";
				CLANG_ENABLE_MODULES = YES;
				CLANG_ENABLE_OBJC_ARC = YES;
				CLANG_ENABLE_OBJC_WEAK = YES;
				CLANG_WARN_BLOCK_CAPTURE_AUTORELEASING = YES;
				CLANG_WARN_BOOL_CONVERSION = YES;
				CLANG_WARN_COMMA = YES;
				CLANG_WARN_CONSTANT_CONVERSION = YES;
				CLANG_WARN_DEPRECATED_OBJC_IMPLEMENTATIONS = YES;
				CLANG_WARN_DIRECT_OBJC_ISA_USAGE = YES_ERROR;
				CLANG_WARN_DOCUMENTATION_COMMENTS = YES;
				CLANG_WARN_EMPTY_BODY = YES;
				CLANG_WARN_ENUM_CONVERSION = YES;
				CLANG_WARN_INFINITE_RECURSION = YES;
				CLANG_WARN_INT_CONVERSION = YES;
				CLANG_WARN_NON_LITERAL_NULL_CONVERSION = YES;
				CLANG_WARN_OBJC_IMPLICIT_RETAIN_SELF = YES;
				CLANG_WARN_OBJC_LITERAL_CONVERSION = YES;
				CLANG_WARN_OBJC_ROOT_CLASS = YES_ERROR;
				CLANG_WARN_RANGE_LOOP_ANALYSIS = YES;
				CLANG_WARN_STRICT_PROTOTYPES = YES;
				CLANG_WARN_SUSPICIOUS_MOVE = YES;
				CLANG_WARN_UNGUARDED_AVAILABILITY = YES_AGGRESSIVE;
				CLANG_WARN_UNREACHABLE_CODE = YES;
				CLANG_WARN__DUPLICATE_METHOD_MATCH = YES;
				CODE_SIGN_IDENTITY = "iPhone Developer";
				COPY_PHASE_STRIP = NO;
				DEBUG_INFORMATION_FORMAT = "dwarf-with-dsym";
				ENABLE_NS_ASSERTIONS = NO;
				ENABLE_STRICT_OBJC_MSGSEND = YES;
				GCC_C_LANGUAGE_STANDARD = gnu11;
				GCC_NO_COMMON_BLOCKS = YES;
				GCC_WARN_64_TO_32_BIT_CONVERSION = YES;
				GCC_WARN_ABOUT_RETURN_TYPE = YES_ERROR;
				GCC_WARN_UNDECLARED_SELECTOR = YES;
				GCC_WARN_UNINITIALIZED_AUTOS = YES_AGGRESSIVE;
				GCC_WARN_UNUSED_FUNCTION = YES;
				GCC_WARN_UNUSED_VARIABLE = YES;
				IPHONEOS_DEPLOYMENT_TARGET = 12.2;
				MTL_ENABLE_DEBUG_INFO = NO;
				MTL_FAST_MATH = YES;
				SDKROOT = iphoneos;
				SWIFT_COMPILATION_MODE = wholemodule;
				SWIFT_OPTIMIZATION_LEVEL = "-O";
				VALIDATE_PRODUCT = YES;
			};
			name = Release;
		};
		04A080FF229B9DC000C0499D /* Debug */ = {
			isa = XCBuildConfiguration;
			buildSettings = {
				ASSETCATALOG_COMPILER_APPICON_NAME = AppIcon;
				CODE_SIGN_STYLE = Automatic;
				DEVELOPMENT_TEAM = 4PKP9SQQRU;
				INFOPLIST_FILE = "Code Swag/Info.plist";
				LD_RUNPATH_SEARCH_PATHS = (
					"$(inherited)",
					"@executable_path/Frameworks",
				);
				PRODUCT_BUNDLE_IDENTIFIER = "com.zhirenjin.Code-Swag";
				PRODUCT_NAME = "$(TARGET_NAME)";
				SWIFT_VERSION = 5.0;
				TARGETED_DEVICE_FAMILY = "1,2";
			};
			name = Debug;
		};
		04A08100229B9DC000C0499D /* Release */ = {
			isa = XCBuildConfiguration;
			buildSettings = {
				ASSETCATALOG_COMPILER_APPICON_NAME = AppIcon;
				CODE_SIGN_STYLE = Automatic;
				DEVELOPMENT_TEAM = 4PKP9SQQRU;
				INFOPLIST_FILE = "Code Swag/Info.plist";
				LD_RUNPATH_SEARCH_PATHS = (
					"$(inherited)",
					"@executable_path/Frameworks",
				);
				PRODUCT_BUNDLE_IDENTIFIER = "com.zhirenjin.Code-Swag";
				PRODUCT_NAME = "$(TARGET_NAME)";
				SWIFT_VERSION = 5.0;
				TARGETED_DEVICE_FAMILY = "1,2";
			};
			name = Release;
		};
/* End XCBuildConfiguration section */

/* Begin XCConfigurationList section */
		04A080E7229B9DBB00C0499D /* Build configuration list for PBXProject "Code Swag" */ = {
			isa = XCConfigurationList;
			buildConfigurations = (
				04A080FC229B9DC000C0499D /* Debug */,
				04A080FD229B9DC000C0499D /* Release */,
			);
			defaultConfigurationIsVisible = 0;
			defaultConfigurationName = Release;
		};
		04A080FE229B9DC000C0499D /* Build configuration list for PBXNativeTarget "Code Swag" */ = {
			isa = XCConfigurationList;
			buildConfigurations = (
				04A080FF229B9DC000C0499D /* Debug */,
				04A08100229B9DC000C0499D /* Release */,
			);
			defaultConfigurationIsVisible = 0;
			defaultConfigurationName = Release;
		};
/* End XCConfigurationList section */
	};
	rootObject = 04A080E4229B9DBB00C0499D /* Project object */;
}
